
Microsoft Visual Studio Solution File, Format Version 12.00
# Visual Studio 15
VisualStudioVersion = 15.0.28307.539
MinimumVisualStudioVersion = 10.0.40219.1
Project("{9A19103F-16F7-4668-BE54-9A1E7A4F7556}") = "FileArchive.Domain", "FileArchive.Domain\FileArchive.Domain.csproj", "{31456FCF-C7C4-42E7-99B1-49401F90D569}"
EndProject
Project("{9A19103F-16F7-4668-BE54-9A1E7A4F7556}") = "FileArchive.Core", "FileArchive.Core\FileArchive.Core.csproj", "{1EBE76C5-3F45-420D-B1B9-172275809D90}"
EndProject
Project("{FAE04EC0-301F-11D3-BF4B-00C04F79EFBC}") = "FileArchive.Repository", "FileArchive.Repository\FileArchive.Repository.csproj", "{A1120ACB-82FD-4E19-91D0-4271F9597E39}"
EndProject
Global
	GlobalSection(SolutionConfigurationPlatforms) = preSolution
		Debug|Any CPU = Debug|Any CPU
		Release|Any CPU = Release|Any CPU
	EndGlobalSection
	GlobalSection(ProjectConfigurationPlatforms) = postSolution
		{31456FCF-C7C4-42E7-99B1-49401F90D569}.Debug|Any CPU.ActiveCfg = Debug|Any CPU
		{31456FCF-C7C4-42E7-99B1-49401F90D569}.Debug|Any CPU.Build.0 = Debug|Any CPU
		{31456FCF-C7C4-42E7-99B1-49401F90D569}.Release|Any CPU.ActiveCfg = Release|Any CPU
		{31456FCF-C7C4-42E7-99B1-49401F90D569}.Release|Any CPU.Build.0 = Release|Any CPU
		{1EBE76C5-3F45-420D-B1B9-172275809D90}.Debug|Any CPU.ActiveCfg = Debug|Any CPU
		{1EBE76C5-3F45-420D-B1B9-172275809D90}.Debug|Any CPU.Build.0 = Debug|Any CPU
		{1EBE76C5-3F45-420D-B1B9-172275809D90}.Release|Any CPU.ActiveCfg = Release|Any CPU
		{1EBE76C5-3F45-420D-B1B9-172275809D90}.Release|Any CPU.Build.0 = Release|Any CPU
		{A1120ACB-82FD-4E19-91D0-4271F9597E39}.Debug|Any CPU.ActiveCfg = Debug|Any CPU
		{A1120ACB-82FD-4E19-91D0-4271F9597E39}.Debug|Any CPU.Build.0 = Debug|Any CPU
		{A1120ACB-82FD-4E19-91D0-4271F9597E39}.Release|Any CPU.ActiveCfg = Release|Any CPU
		{A1120ACB-82FD-4E19-91D0-4271F9597E39}.Release|Any CPU.Build.0 = Release|Any CPU
	EndGlobalSection
	GlobalSection(SolutionProperties) = preSolution
		HideSolutionNode = FALSE
	EndGlobalSection
	GlobalSection(ExtensibilityGlobals) = postSolution
		SolutionGuid = {565E6F63-B858-41DE-BE79-962341DA8BBE}
	EndGlobalSection
EndGlobal
